
Microsoft Visual Studio Solution File, Format Version 12.00
# Visual Studio Version 17
VisualStudioVersion = 17.3.32819.101
MinimumVisualStudioVersion = 10.0.40219.1
Project("{9A19103F-16F7-4668-BE54-9A1E7A4F7556}") = "PasswordManager", "PasswordManager2023\PasswordManager.csproj", "{131A9950-622A-4522-B68C-2F993122938C}"
EndProject
Global
	GlobalSection(SolutionConfigurationPlatforms) = preSolution
		Debug|Any CPU = Debug|Any CPU
		Release|Any CPU = Release|Any CPU
	EndGlobalSection
	GlobalSection(ProjectConfigurationPlatforms) = postSolution
		{131A9950-622A-4522-B68C-2F993122938C}.Debug|Any CPU.ActiveCfg = Debug|Any CPU
		{131A9950-622A-4522-B68C-2F993122938C}.Debug|Any CPU.Build.0 = Debug|Any CPU
		{131A9950-622A-4522-B68C-2F993122938C}.Release|Any CPU.ActiveCfg = Release|Any CPU
		{131A9950-622A-4522-B68C-2F993122938C}.Release|Any CPU.Build.0 = Release|Any CPU
	EndGlobalSection
	GlobalSection(SolutionProperties) = preSolution
		HideSolutionNode = FALSE
	EndGlobalSection
	GlobalSection(ExtensibilityGlobals) = postSolution
		SolutionGuid = {3E978CC5-13C3-4D25-A662-24D467213E2C}
	EndGlobalSection
EndGlobal
